// !$*UTF8*$!
{
	archiveVersion = 1;
	classes = {
	};
	objectVersion = 50;
	objects = {

/* Begin PBXBuildFile section */
		310E3CD56F0A1D17F19EB6D9 /* Pods_IDEChat2019.framework in Frameworks */ = {isa = PBXBuildFile; fileRef = 77C264173F002408CC7C86D5 /* Pods_IDEChat2019.framework */; };
		705E3AD822B6C65D0075682D /* HomeForm .swift in Sources */ = {isa = PBXBuildFile; fileRef = 705E3AD722B6C65D0075682D /* HomeForm .swift */; };
		70E74B7A22B2607C00D48053 /* AppDelegate.swift in Sources */ = {isa = PBXBuildFile; fileRef = 70E74B7922B2607C00D48053 /* AppDelegate.swift */; };
		70E74B7C22B2607C00D48053 /* ViewController.swift in Sources */ = {isa = PBXBuildFile; fileRef = 70E74B7B22B2607C00D48053 /* ViewController.swift */; };
		70E74B7F22B2607C00D48053 /* Main.storyboard in Resources */ = {isa = PBXBuildFile; fileRef = 70E74B7D22B2607C00D48053 /* Main.storyboard */; };
		70E74B8122B2607E00D48053 /* Assets.xcassets in Resources */ = {isa = PBXBuildFile; fileRef = 70E74B8022B2607E00D48053 /* Assets.xcassets */; };
		70E74B8422B2607E00D48053 /* LaunchScreen.storyboard in Resources */ = {isa = PBXBuildFile; fileRef = 70E74B8222B2607E00D48053 /* LaunchScreen.storyboard */; };
		70E80C4B22B788C7006D55E7 /* ChatRoomViewController.swift in Sources */ = {isa = PBXBuildFile; fileRef = 70E80C4A22B788C7006D55E7 /* ChatRoomViewController.swift */; };
		70EA8D5422B677720005CCCE /* RoomNameCellTableViewCell.swift in Sources */ = {isa = PBXBuildFile; fileRef = 70EA8D5322B677720005CCCE /* RoomNameCellTableViewCell.swift */; };
		70EA8D5622B67C810005CCCE /* Room.swift in Sources */ = {isa = PBXBuildFile; fileRef = 70EA8D5522B67C810005CCCE /* Room.swift */; };
		70EBE3DD22B2A18700C7E39E /* GoogleService-Info.plist in Resources */ = {isa = PBXBuildFile; fileRef = 70EBE3DC22B2A18700C7E39E /* GoogleService-Info.plist */; };
		70F097D422B3EB0900B36749 /* HomeViewController.swift in Sources */ = {isa = PBXBuildFile; fileRef = 70F097D322B3EB0900B36749 /* HomeViewController.swift */; };
/* End PBXBuildFile section */

/* Begin PBXFileReference section */
		6E3EC9E9536FA053DAF7BFE5 /* Pods-IDEChat2019.debug.xcconfig */ = {isa = PBXFileReference; includeInIndex = 1; lastKnownFileType = text.xcconfig; name = "Pods-IDEChat2019.debug.xcconfig"; path = "Pods/Target Support Files/Pods-IDEChat2019/Pods-IDEChat2019.debug.xcconfig"; sourceTree = "<group>"; };
		705E3AD722B6C65D0075682D /* HomeForm .swift */ = {isa = PBXFileReference; lastKnownFileType = sourcecode.swift; path = "HomeForm .swift"; sourceTree = "<group>"; };
		70E74B7622B2607C00D48053 /* IDEChat2019.app */ = {isa = PBXFileReference; explicitFileType = wrapper.application; includeInIndex = 0; path = IDEChat2019.app; sourceTree = BUILT_PRODUCTS_DIR; };
		70E74B7922B2607C00D48053 /* AppDelegate.swift */ = {isa = PBXFileReference; lastKnownFileType = sourcecode.swift; path = AppDelegate.swift; sourceTree = "<group>"; };
		70E74B7B22B2607C00D48053 /* ViewController.swift */ = {isa = PBXFileReference; lastKnownFileType = sourcecode.swift; path = ViewController.swift; sourceTree = "<group>"; };
		70E74B7E22B2607C00D48053 /* Base */ = {isa = PBXFileReference; lastKnownFileType = file.storyboard; name = Base; path = Base.lproj/Main.storyboard; sourceTree = "<group>"; };
		70E74B8022B2607E00D48053 /* Assets.xcassets */ = {isa = PBXFileReference; lastKnownFileType = folder.assetcatalog; path = Assets.xcassets; sourceTree = "<group>"; };
		70E74B8322B2607E00D48053 /* Base */ = {isa = PBXFileReference; lastKnownFileType = file.storyboard; name = Base; path = Base.lproj/LaunchScreen.storyboard; sourceTree = "<group>"; };
		70E74B8522B2607E00D48053 /* Info.plist */ = {isa = PBXFileReference; lastKnownFileType = text.plist.xml; path = Info.plist; sourceTree = "<group>"; };
		70E80C4A22B788C7006D55E7 /* ChatRoomViewController.swift */ = {isa = PBXFileReference; lastKnownFileType = sourcecode.swift; path = ChatRoomViewController.swift; sourceTree = "<group>"; };
		70EA8D5322B677720005CCCE /* RoomNameCellTableViewCell.swift */ = {isa = PBXFileReference; lastKnownFileType = sourcecode.swift; path = RoomNameCellTableViewCell.swift; sourceTree = "<group>"; };
		70EA8D5522B67C810005CCCE /* Room.swift */ = {isa = PBXFileReference; lastKnownFileType = sourcecode.swift; path = Room.swift; sourceTree = "<group>"; };
		70EBE3DC22B2A18700C7E39E /* GoogleService-Info.plist */ = {isa = PBXFileReference; fileEncoding = 4; lastKnownFileType = text.plist.xml; path = "GoogleService-Info.plist"; sourceTree = "<group>"; };
		70F097D322B3EB0900B36749 /* HomeViewController.swift */ = {isa = PBXFileReference; lastKnownFileType = sourcecode.swift; path = HomeViewController.swift; sourceTree = "<group>"; };
		77C264173F002408CC7C86D5 /* Pods_IDEChat2019.framework */ = {isa = PBXFileReference; explicitFileType = wrapper.framework; includeInIndex = 0; path = Pods_IDEChat2019.framework; sourceTree = BUILT_PRODUCTS_DIR; };
		7EFD2559CD1EBA639E5F6308 /* Pods-IDEChat2019.release.xcconfig */ = {isa = PBXFileReference; includeInIndex = 1; lastKnownFileType = text.xcconfig; name = "Pods-IDEChat2019.release.xcconfig"; path = "Pods/Target Support Files/Pods-IDEChat2019/Pods-IDEChat2019.release.xcconfig"; sourceTree = "<group>"; };
/* End PBXFileReference section */

/* Begin PBXFrameworksBuildPhase section */
		70E74B7322B2607C00D48053 /* Frameworks */ = {
			isa = PBXFrameworksBuildPhase;
			buildActionMask = 2147483647;
			files = (
				310E3CD56F0A1D17F19EB6D9 /* Pods_IDEChat2019.framework in Frameworks */,
			);
			runOnlyForDeploymentPostprocessing = 0;
		};
/* End PBXFrameworksBuildPhase section */

/* Begin PBXGroup section */
		70E74B6D22B2607C00D48053 = {
			isa = PBXGroup;
			children = (
				70E74B7822B2607C00D48053 /* IDEChat2019 */,
				70E74B7722B2607C00D48053 /* Products */,
				89E04066E3CFE6F4C0736979 /* Pods */,
				981A12F7CD97EC76DF82574C /* Frameworks */,
			);
			sourceTree = "<group>";
		};
		70E74B7722B2607C00D48053 /* Products */ = {
			isa = PBXGroup;
			children = (
				70E74B7622B2607C00D48053 /* IDEChat2019.app */,
			);
			name = Products;
			sourceTree = "<group>";
		};
		70E74B7822B2607C00D48053 /* IDEChat2019 */ = {
			isa = PBXGroup;
			children = (
				70E74B7922B2607C00D48053 /* AppDelegate.swift */,
				705E3AD722B6C65D0075682D /* HomeForm .swift */,
				70E74B7B22B2607C00D48053 /* ViewController.swift */,
				70E80C4A22B788C7006D55E7 /* ChatRoomViewController.swift */,
				70EA8D5522B67C810005CCCE /* Room.swift */,
				70F097D322B3EB0900B36749 /* HomeViewController.swift */,
				70EA8D5322B677720005CCCE /* RoomNameCellTableViewCell.swift */,
				70E74B7D22B2607C00D48053 /* Main.storyboard */,
				70E74B8022B2607E00D48053 /* Assets.xcassets */,
				70E74B8222B2607E00D48053 /* LaunchScreen.storyboard */,
				70E74B8522B2607E00D48053 /* Info.plist */,
				70EBE3DC22B2A18700C7E39E /* GoogleService-Info.plist */,
			);
			path = IDEChat2019;
			sourceTree = "<group>";
		};
		89E04066E3CFE6F4C0736979 /* Pods */ = {
			isa = PBXGroup;
			children = (
				6E3EC9E9536FA053DAF7BFE5 /* Pods-IDEChat2019.debug.xcconfig */,
				7EFD2559CD1EBA639E5F6308 /* Pods-IDEChat2019.release.xcconfig */,
			);
			name = Pods;
			sourceTree = "<group>";
		};
		981A12F7CD97EC76DF82574C /* Frameworks */ = {
			isa = PBXGroup;
			children = (
				77C264173F002408CC7C86D5 /* Pods_IDEChat2019.framework */,
			);
			name = Frameworks;
			sourceTree = "<group>";
		};
/* End PBXGroup section */

/* Begin PBXNativeTarget section */
		70E74B7522B2607C00D48053 /* IDEChat2019 */ = {
			isa = PBXNativeTarget;
			buildConfigurationList = 70E74B8822B2607E00D48053 /* Build configuration list for PBXNativeTarget "IDEChat2019" */;
			buildPhases = (
				739AEECBC336560F0477D04F /* [CP] Check Pods Manifest.lock */,
				70E74B7222B2607C00D48053 /* Sources */,
				70E74B7322B2607C00D48053 /* Frameworks */,
				70E74B7422B2607C00D48053 /* Resources */,
				BC09F1D79AB1F2690FEF8CD0 /* [CP] Embed Pods Frameworks */,
			);
			buildRules = (
			);
			dependencies = (
			);
			name = IDEChat2019;
			productName = IDEChat2019;
			productReference = 70E74B7622B2607C00D48053 /* IDEChat2019.app */;
			productType = "com.apple.product-type.application";
		};
/* End PBXNativeTarget section */

/* Begin PBXProject section */
		70E74B6E22B2607C00D48053 /* Project object */ = {
			isa = PBXProject;
			attributes = {
				LastSwiftUpdateCheck = 1020;
				LastUpgradeCheck = 1020;
				ORGANIZATIONNAME = "mohamed gamal mohamed";
				TargetAttributes = {
					70E74B7522B2607C00D48053 = {
						CreatedOnToolsVersion = 10.2.1;
					};
				};
			};
			buildConfigurationList = 70E74B7122B2607C00D48053 /* Build configuration list for PBXProject "IDEChat2019" */;
			compatibilityVersion = "Xcode 9.3";
			developmentRegion = en;
			hasScannedForEncodings = 0;
			knownRegions = (
				en,
				Base,
			);
			mainGroup = 70E74B6D22B2607C00D48053;
			productRefGroup = 70E74B7722B2607C00D48053 /* Products */;
			projectDirPath = "";
			projectRoot = "";
			targets = (
				70E74B7522B2607C00D48053 /* IDEChat2019 */,
			);
		};
/* End PBXProject section */

/* Begin PBXResourcesBuildPhase section */
		70E74B7422B2607C00D48053 /* Resources */ = {
			isa = PBXResourcesBuildPhase;
			buildActionMask = 2147483647;
			files = (
				70E74B8422B2607E00D48053 /* LaunchScreen.storyboard in Resources */,
				70EBE3DD22B2A18700C7E39E /* GoogleService-Info.plist in Resources */,
				70E74B8122B2607E00D48053 /* Assets.xcassets in Resources */,
				70E74B7F22B2607C00D48053 /* Main.storyboard in Resources */,
			);
			runOnlyForDeploymentPostprocessing = 0;
		};
/* End PBXResourcesBuildPhase section */

/* Begin PBXShellScriptBuildPhase section */
		739AEECBC336560F0477D04F /* [CP] Check Pods Manifest.lock */ = {
			isa = PBXShellScriptBuildPhase;
			buildActionMask = 2147483647;
			files = (
			);
			inputPaths = (
				"${PODS_PODFILE_DIR_PATH}/Podfile.lock",
				"${PODS_ROOT}/Manifest.lock",
			);
			name = "[CP] Check Pods Manifest.lock";
			outputPaths = (
				"$(DERIVED_FILE_DIR)/Pods-IDEChat2019-checkManifestLockResult.txt",
			);
			runOnlyForDeploymentPostprocessing = 0;
			shellPath = /bin/sh;
			shellScript = "diff \"${PODS_PODFILE_DIR_PATH}/Podfile.lock\" \"${PODS_ROOT}/Manifest.lock\" > /dev/null\nif [ $? != 0 ] ; then\n    # print error to STDERR\n    echo \"error: The sandbox is not in sync with the Podfile.lock. Run 'pod install' or update your CocoaPods installation.\" >&2\n    exit 1\nfi\n# This output is used by Xcode 'outputs' to avoid re-running this script phase.\necho \"SUCCESS\" > \"${SCRIPT_OUTPUT_FILE_0}\"\n";
			showEnvVarsInLog = 0;
		};
		BC09F1D79AB1F2690FEF8CD0 /* [CP] Embed Pods Frameworks */ = {
			isa = PBXShellScriptBuildPhase;
			buildActionMask = 2147483647;
			files = (
			);
			inputPaths = (
				"${SRCROOT}/Pods/Target Support Files/Pods-IDEChat2019/Pods-IDEChat2019-frameworks.sh",
				"${BUILT_PRODUCTS_DIR}/GTMSessionFetcher/GTMSessionFetcher.framework",
				"${BUILT_PRODUCTS_DIR}/GoogleUtilities/GoogleUtilities.framework",
				"${BUILT_PRODUCTS_DIR}/leveldb-library/leveldb.framework",
				"${BUILT_PRODUCTS_DIR}/nanopb/nanopb.framework",
			);
			name = "[CP] Embed Pods Frameworks";
			outputPaths = (
				"${TARGET_BUILD_DIR}/${FRAMEWORKS_FOLDER_PATH}/GTMSessionFetcher.framework",
				"${TARGET_BUILD_DIR}/${FRAMEWORKS_FOLDER_PATH}/GoogleUtilities.framework",
				"${TARGET_BUILD_DIR}/${FRAMEWORKS_FOLDER_PATH}/leveldb.framework",
				"${TARGET_BUILD_DIR}/${FRAMEWORKS_FOLDER_PATH}/nanopb.framework",
			);
			runOnlyForDeploymentPostprocessing = 0;
			shellPath = /bin/sh;
			shellScript = "\"${SRCROOT}/Pods/Target Support Files/Pods-IDEChat2019/Pods-IDEChat2019-frameworks.sh\"\n";
			showEnvVarsInLog = 0;
		};
/* End PBXShellScriptBuildPhase section */

/* Begin PBXSourcesBuildPhase section */
		70E74B7222B2607C00D48053 /* Sources */ = {
			isa = PBXSourcesBuildPhase;
			buildActionMask = 2147483647;
			files = (
				70E80C4B22B788C7006D55E7 /* ChatRoomViewController.swift in Sources */,
				70EA8D5622B67C810005CCCE /* Room.swift in Sources */,
				70E74B7C22B2607C00D48053 /* ViewController.swift in Sources */,
				70E74B7A22B2607C00D48053 /* AppDelegate.swift in Sources */,
				705E3AD822B6C65D0075682D /* HomeForm .swift in Sources */,
				70F097D422B3EB0900B36749 /* HomeViewController.swift in Sources */,
				70EA8D5422B677720005CCCE /* RoomNameCellTableViewCell.swift in Sources */,
			);
			runOnlyForDeploymentPostprocessing = 0;
		};
/* End PBXSourcesBuildPhase section */

/* Begin PBXVariantGroup section */
		70E74B7D22B2607C00D48053 /* Main.storyboard */ = {
			isa = PBXVariantGroup;
			children = (
				70E74B7E22B2607C00D48053 /* Base */,
			);
			name = Main.storyboard;
			sourceTree = "<group>";
		};
		70E74B8222B2607E00D48053 /* LaunchScreen.storyboard */ = {
			isa = PBXVariantGroup;
			children = (
				70E74B8322B2607E00D48053 /* Base */,
			);
			name = LaunchScreen.storyboard;
			sourceTree = "<group>";
		};
/* End PBXVariantGroup section */

/* Begin XCBuildConfiguration section */
		70E74B8622B2607E00D48053 /* Debug */ = {
			isa = XCBuildConfiguration;
			buildSettings = {
				ALWAYS_SEARCH_USER_PATHS = NO;
				CLANG_ANALYZER_NONNULL = YES;
				CLANG_ANALYZER_NUMBER_OBJECT_CONVERSION = YES_AGGRESSIVE;
				CLANG_CXX_LANGUAGE_STANDARD = "gnu++14";
				CLANG_CXX_LIBRARY = "libc++";
				CLANG_ENABLE_MODULES = YES;
				CLANG_ENABLE_OBJC_ARC = YES;
				CLANG_ENABLE_OBJC_WEAK = YES;
				CLANG_WARN_BLOCK_CAPTURE_AUTORELEASING = YES;
				CLANG_WARN_BOOL_CONVERSION = YES;
				CLANG_WARN_COMMA = YES;
				CLANG_WARN_CONSTANT_CONVERSION = YES;
				CLANG_WARN_DEPRECATED_OBJC_IMPLEMENTATIONS = YES;
				CLANG_WARN_DIRECT_OBJC_ISA_USAGE = YES_ERROR;
				CLANG_WARN_DOCUMENTATION_COMMENTS = YES;
				CLANG_WARN_EMPTY_BODY = YES;
				CLANG_WARN_ENUM_CONVERSION = YES;
				CLANG_WARN_INFINITE_RECURSION = YES;
				CLANG_WARN_INT_CONVERSION = YES;
				CLANG_WARN_NON_LITERAL_NULL_CONVERSION = YES;
				CLANG_WARN_OBJC_IMPLICIT_RETAIN_SELF = YES;
				CLANG_WARN_OBJC_LITERAL_CONVERSION = YES;
				CLANG_WARN_OBJC_ROOT_CLASS = YES_ERROR;
				CLANG_WARN_RANGE_LOOP_ANALYSIS = YES;
				CLANG_WARN_STRICT_PROTOTYPES = YES;
				CLANG_WARN_SUSPICIOUS_MOVE = YES;
				CLANG_WARN_UNGUARDED_AVAILABILITY = YES_AGGRESSIVE;
				CLANG_WARN_UNREACHABLE_CODE = YES;
				CLANG_WARN__DUPLICATE_METHOD_MATCH = YES;
				CODE_SIGN_IDENTITY = "iPhone Developer";
				COPY_PHASE_STRIP = NO;
				DEBUG_INFORMATION_FORMAT = dwarf;
				ENABLE_STRICT_OBJC_MSGSEND = YES;
				ENABLE_TESTABILITY = YES;
				GCC_C_LANGUAGE_STANDARD = gnu11;
				GCC_DYNAMIC_NO_PIC = NO;
				GCC_NO_COMMON_BLOCKS = YES;
				GCC_OPTIMIZATION_LEVEL = 0;
				GCC_PREPROCESSOR_DEFINITIONS = (
					"DEBUG=1",
					"$(inherited)",
				);
				GCC_WARN_64_TO_32_BIT_CONVERSION = YES;
				GCC_WARN_ABOUT_RETURN_TYPE = YES_ERROR;
				GCC_WARN_UNDECLARED_SELECTOR = YES;
				GCC_WARN_UNINITIALIZED_AUTOS = YES_AGGRESSIVE;
				GCC_WARN_UNUSED_FUNCTION = YES;
				GCC_WARN_UNUSED_VARIABLE = YES;
				IPHONEOS_DEPLOYMENT_TARGET = 12.2;
				MTL_ENABLE_DEBUG_INFO = INCLUDE_SOURCE;
				MTL_FAST_MATH = YES;
				ONLY_ACTIVE_ARCH = YES;
				SDKROOT = iphoneos;
				SWIFT_ACTIVE_COMPILATION_CONDITIONS = DEBUG;
				SWIFT_OPTIMIZATION_LEVEL = "-Onone";
			};
			name = Debug;
		};
		70E74B8722B2607E00D48053 /* Release */ = {
			isa = XCBuildConfiguration;
			buildSettings = {
				ALWAYS_SEARCH_USER_PATHS = NO;
				CLANG_ANALYZER_NONNULL = YES;
				CLANG_ANALYZER_NUMBER_OBJECT_CONVERSION = YES_AGGRESSIVE;
				CLANG_CXX_LANGUAGE_STANDARD = "gnu++14";
				CLANG_CXX_LIBRARY = "libc++";
				CLANG_ENABLE_MODULES = YES;
				CLANG_ENABLE_OBJC_ARC = YES;
				CLANG_ENABLE_OBJC_WEAK = YES;
				CLANG_WARN_BLOCK_CAPTURE_AUTORELEASING = YES;
				CLANG_WARN_BOOL_CONVERSION = YES;
				CLANG_WARN_COMMA = YES;
				CLANG_WARN_CONSTANT_CONVERSION = YES;
				CLANG_WARN_DEPRECATED_OBJC_IMPLEMENTATIONS = YES;
				CLANG_WARN_DIRECT_OBJC_ISA_USAGE = YES_ERROR;
				CLANG_WARN_DOCUMENTATION_COMMENTS = YES;
				CLANG_WARN_EMPTY_BODY = YES;
				CLANG_WARN_ENUM_CONVERSION = YES;
				CLANG_WARN_INFINITE_RECURSION = YES;
				CLANG_WARN_INT_CONVERSION = YES;
				CLANG_WARN_NON_LITERAL_NULL_CONVERSION = YES;
				CLANG_WARN_OBJC_IMPLICIT_RETAIN_SELF = YES;
				CLANG_WARN_OBJC_LITERAL_CONVERSION = YES;
				CLANG_WARN_OBJC_ROOT_CLASS = YES_ERROR;
				CLANG_WARN_RANGE_LOOP_ANALYSIS = YES;
				CLANG_WARN_STRICT_PROTOTYPES = YES;
				CLANG_WARN_SUSPICIOUS_MOVE = YES;
				CLANG_WARN_UNGUARDED_AVAILABILITY = YES_AGGRESSIVE;
				CLANG_WARN_UNREACHABLE_CODE = YES;
				CLANG_WARN__DUPLICATE_METHOD_MATCH = YES;
				CODE_SIGN_IDENTITY = "iPhone Developer";
				COPY_PHASE_STRIP = NO;
				DEBUG_INFORMATION_FORMAT = "dwarf-with-dsym";
				ENABLE_NS_ASSERTIONS = NO;
				ENABLE_STRICT_OBJC_MSGSEND = YES;
				GCC_C_LANGUAGE_STANDARD = gnu11;
				GCC_NO_COMMON_BLOCKS = YES;
				GCC_WARN_64_TO_32_BIT_CONVERSION = YES;
				GCC_WARN_ABOUT_RETURN_TYPE = YES_ERROR;
				GCC_WARN_UNDECLARED_SELECTOR = YES;
				GCC_WARN_UNINITIALIZED_AUTOS = YES_AGGRESSIVE;
				GCC_WARN_UNUSED_FUNCTION = YES;
				GCC_WARN_UNUSED_VARIABLE = YES;
				IPHONEOS_DEPLOYMENT_TARGET = 12.2;
				MTL_ENABLE_DEBUG_INFO = NO;
				MTL_FAST_MATH = YES;
				SDKROOT = iphoneos;
				SWIFT_COMPILATION_MODE = wholemodule;
				SWIFT_OPTIMIZATION_LEVEL = "-O";
				VALIDATE_PRODUCT = YES;
			};
			name = Release;
		};
		70E74B8922B2607E00D48053 /* Debug */ = {
			isa = XCBuildConfiguration;
			baseConfigurationReference = 6E3EC9E9536FA053DAF7BFE5 /* Pods-IDEChat2019.debug.xcconfig */;
			buildSettings = {
				ASSETCATALOG_COMPILER_APPICON_NAME = AppIcon;
				CODE_SIGN_IDENTITY = "iPhone Developer";
				CODE_SIGN_STYLE = Automatic;
				DEVELOPMENT_TEAM = PD8D5SRM3M;
				INFOPLIST_FILE = IDEChat2019/Info.plist;
				LD_RUNPATH_SEARCH_PATHS = (
					"$(inherited)",
					"@executable_path/Frameworks",
				);
				PRODUCT_BUNDLE_IDENTIFIER = "mohamed-gamal.IDEChat2019";
				PRODUCT_NAME = "$(TARGET_NAME)";
				PROVISIONING_PROFILE_SPECIFIER = "";
				SWIFT_VERSION = 5.0;
				TARGETED_DEVICE_FAMILY = "1,2";
			};
			name = Debug;
		};
		70E74B8A22B2607E00D48053 /* Release */ = {
			isa = XCBuildConfiguration;
			baseConfigurationReference = 7EFD2559CD1EBA639E5F6308 /* Pods-IDEChat2019.release.xcconfig */;
			buildSettings = {
				ASSETCATALOG_COMPILER_APPICON_NAME = AppIcon;
				CODE_SIGN_IDENTITY = "iPhone Developer";
				CODE_SIGN_STYLE = Automatic;
				DEVELOPMENT_TEAM = PD8D5SRM3M;
				INFOPLIST_FILE = IDEChat2019/Info.plist;
				LD_RUNPATH_SEARCH_PATHS = (
					"$(inherited)",
					"@executable_path/Frameworks",
				);
				PRODUCT_BUNDLE_IDENTIFIER = "mohamed-gamal.IDEChat2019";
				PRODUCT_NAME = "$(TARGET_NAME)";
				PROVISIONING_PROFILE_SPECIFIER = "";
				SWIFT_VERSION = 5.0;
				TARGETED_DEVICE_FAMILY = "1,2";
			};
			name = Release;
		};
/* End XCBuildConfiguration section */

/* Begin XCConfigurationList section */
		70E74B7122B2607C00D48053 /* Build configuration list for PBXProject "IDEChat2019" */ = {
			isa = XCConfigurationList;
			buildConfigurations = (
				70E74B8622B2607E00D48053 /* Debug */,
				70E74B8722B2607E00D48053 /* Release */,
			);
			defaultConfigurationIsVisible = 0;
			defaultConfigurationName = Release;
		};
		70E74B8822B2607E00D48053 /* Build configuration list for PBXNativeTarget "IDEChat2019" */ = {
			isa = XCConfigurationList;
			buildConfigurations = (
				70E74B8922B2607E00D48053 /* Debug */,
				70E74B8A22B2607E00D48053 /* Release */,
			);
			defaultConfigurationIsVisible = 0;
			defaultConfigurationName = Release;
		};
/* End XCConfigurationList section */
	};
	rootObject = 70E74B6E22B2607C00D48053 /* Project object */;
}
